{
  "name": "ion-usage-sample",
  "version": "1.0.0",
  "lockfileVersion": 1,
  "requires": true,
  "dependencies": {
    "@decentralized-identity/did-auth-jose": {
      "version": "0.1.14",
      "resolved": "https://registry.npm.taobao.org/@decentralized-identity/did-auth-jose/download/@decentralized-identity/did-auth-jose-0.1.14.tgz",
      "integrity": "sha1-Qzu503fQzKq4QVxzG8EWtCJf0vo=",
      "requires": {
        "@decentralized-identity/did-common-typescript": "0.1.19",
        "ec-key": "0.0.2",
        "jwk-to-pem": "2.0.0",
        "node-jose": "1.0.0",
        "uuid": "3.3.2"
      },
      "dependencies": {
        "jwk-to-pem": {
          "version": "2.0.0",
          "resolved": "https://registry.npm.taobao.org/jwk-to-pem/download/jwk-to-pem-2.0.0.tgz",
          "integrity": "sha1-sP1B+RsgB9GhQn2o2xnd2uJXHt0=",
          "requires": {
            "asn1.js": "^4.5.2",
            "elliptic": "^6.2.3",
            "safe-buffer": "^5.0.1"
          }
        },
        "node-forge": {
          "version": "0.7.6",
          "resolved": "https://registry.npm.taobao.org/node-forge/download/node-forge-0.7.6.tgz?cache=0&sync_timestamp=1569524669712&other_urls=https%3A%2F%2Fregistry.npm.taobao.org%2Fnode-forge%2Fdownload%2Fnode-forge-0.7.6.tgz",
          "integrity": "sha1-/fO0GK7h+U8O9kLNY0hsd8qXJKw="
        },
        "node-jose": {
          "version": "1.0.0",
          "resolved": "https://registry.npm.taobao.org/node-jose/download/node-jose-1.0.0.tgz",
          "integrity": "sha1-/gwXJE9Ulq7Jc6eidMVC0YNV7OU=",
          "requires": {
            "base64url": "^3.0.0",
            "es6-promise": "^4.0.5",
            "lodash.assign": "^4.0.8",
            "lodash.clone": "^4.3.2",
            "lodash.fill": "^3.2.2",
            "lodash.flatten": "^4.2.0",
            "lodash.intersection": "^4.1.2",
            "lodash.merge": "^4.3.5",
            "lodash.omit": "^4.2.1",
            "lodash.partialright": "^4.1.3",
            "lodash.pick": "^4.2.0",
            "lodash.uniq": "^4.2.1",
            "long": "^4.0.0",
            "node-forge": "^0.7.1",
            "uuid": "^3.0.1"
          }
        },
        "uuid": {
          "version": "3.3.2",
          "resolved": "https://registry.npm.taobao.org/uuid/download/uuid-3.3.2.tgz",
          "integrity": "sha1-G0r0lV6zB3xQHCOHL8ZROBFYcTE="
        }
      }
    },
    "@decentralized-identity/did-common-typescript": {
      "version": "0.1.19",
      "resolved": "https://registry.npm.taobao.org/@decentralized-identity/did-common-typescript/download/@decentralized-identity/did-common-typescript-0.1.19.tgz",
      "integrity": "sha1-kcbdWTEehJy8kfz/gbZcGpZhY7Y=",
      "requires": {
        "base64url": "^3.0.1",
        "clone": "^2.1.2"
      }
    },
    "asn1.js": {
      "version": "4.10.1",
      "resolved": "https://registry.npm.taobao.org/asn1.js/download/asn1.js-4.10.1.tgz",
      "integrity": "sha1-ucK/WAXx5kqt7tbfOiv6+1pz9aA=",
      "requires": {
        "bn.js": "^4.0.0",
        "inherits": "^2.0.1",
        "minimalistic-assert": "^1.0.0"
      }
    },
    "base64url": {
      "version": "3.0.1",
      "resolved": "https://registry.npm.taobao.org/base64url/download/base64url-3.0.1.tgz",
      "integrity": "sha1-Y5nVcuK8P5CpqLItXbsKMtM/eI0="
    },
    "bn.js": {
      "version": "4.11.8",
      "resolved": "https://registry.npm.taobao.org/bn.js/download/bn.js-4.11.8.tgz",
      "integrity": "sha1-LN4J617jQfSEdGuwMJsyU7GxRC8="
    },
    "brorand": {
      "version": "1.1.0",
      "resolved": "https://registry.npm.taobao.org/brorand/download/brorand-1.1.0.tgz",
      "integrity": "sha1-EsJe/kCkXjwyPrhnWgoM5XsiNx8="
    },
    "clone": {
      "version": "2.1.2",
      "resolved": "https://registry.npm.taobao.org/clone/download/clone-2.1.2.tgz",
      "integrity": "sha1-G39Ln1kfHo+DZwQBYANFoCiHQ18="
    },
    "did-auth-jose": {
      "version": "0.1.1",
      "resolved": "https://registry.npm.taobao.org/did-auth-jose/download/did-auth-jose-0.1.1.tgz",
      "integrity": "sha1-ppTf4JdgilfJvDrM7E884vMmQh4=",
      "requires": {
        "@decentralized-identity/did-common-typescript": "^0.1.1",
        "jwk-to-pem": "^2.0.0",
        "node-jose": "^1.0.0",
        "uuid": "^3.3.2"
      }
    },
    "ec-key": {
      "version": "0.0.2",
      "resolved": "https://registry.npm.taobao.org/ec-key/download/ec-key-0.0.2.tgz",
      "integrity": "sha1-UAUq6WGr1vGHEMI1qH80mnJGgYk=",
      "requires": {
        "asn1.js": "^1.0.4"
      },
      "dependencies": {
        "asn1.js": {
          "version": "1.0.6",
          "resolved": "https://registry.npm.taobao.org/asn1.js/download/asn1.js-1.0.6.tgz",
          "integrity": "sha1-9DrnMISV4XvTlfjAP6QA/vck2iQ=",
          "requires": {
            "bn.js": "^2.0.0",
            "inherits": "^2.0.1",
            "minimalistic-assert": "^1.0.0"
          }
        },
        "bn.js": {
          "version": "2.2.0",
          "resolved": "https://registry.npm.taobao.org/bn.js/download/bn.js-2.2.0.tgz",
          "integrity": "sha1-EhYrwq5x/EClYmwzQ486h1zTdiU=",
          "optional": true
        }
      }
    },
    "elliptic": {
      "version": "6.5.1",
      "resolved": "https://registry.npm.taobao.org/elliptic/download/elliptic-6.5.1.tgz?cache=0&sync_timestamp=1567592249994&other_urls=https%3A%2F%2Fregistry.npm.taobao.org%2Felliptic%2Fdownload%2Felliptic-6.5.1.tgz",
      "integrity": "sha1-w4D1+Qm/G5tEKNAozRjTsO/WtSs=",
      "requires": {
        "bn.js": "^4.4.0",
        "brorand": "^1.0.1",
        "hash.js": "^1.0.0",
        "hmac-drbg": "^1.0.0",
        "inherits": "^2.0.1",
        "minimalistic-assert": "^1.0.0",
        "minimalistic-crypto-utils": "^1.0.0"
      }
    },
    "es6-promise": {
      "version": "4.2.8",
      "resolved": "https://registry.npm.taobao.org/es6-promise/download/es6-promise-4.2.8.tgz?cache=0&other_urls=https%3A%2F%2Fregistry.npm.taobao.org%2Fes6-promise%2Fdownload%2Fes6-promise-4.2.8.tgz",
      "integrity": "sha1-TrIVlMlyvEBVPSduUQU5FD21Pgo="
    },
    "hash.js": {
      "version": "1.1.7",
      "resolved": "https://registry.npm.taobao.org/hash.js/download/hash.js-1.1.7.tgz",
      "integrity": "sha1-C6vKU46NTuSg+JiNaIZlN6ADz0I=",
      "requires": {
        "inherits": "^2.0.3",
        "minimalistic-assert": "^1.0.1"
      }
    },
    "hmac-drbg": {
      "version": "1.0.1",
      "resolved": "https://registry.npm.taobao.org/hmac-drbg/download/hmac-drbg-1.0.1.tgz",
      "integrity": "sha1-0nRXAQJabHdabFRXk+1QL8DGSaE=",
      "requires": {
        "hash.js": "^1.0.3",
        "minimalistic-assert": "^1.0.0",
        "minimalistic-crypto-utils": "^1.0.1"
      }
    },
    "inherits": {
      "version": "2.0.4",
      "resolved": "https://registry.npm.taobao.org/inherits/download/inherits-2.0.4.tgz?cache=0&other_urls=https%3A%2F%2Fregistry.npm.taobao.org%2Finherits%2Fdownload%2Finherits-2.0.4.tgz",
      "integrity": "sha1-D6LGT5MpF8NDOg3tVTY6rjdBa3w="
    },
    "jwk-to-pem": {
      "version": "2.0.1",
      "resolved": "https://registry.npm.taobao.org/jwk-to-pem/download/jwk-to-pem-2.0.1.tgz",
      "integrity": "sha1-Xexx4m3nQcF9KISfkspRx2K8SKA=",
      "requires": {
        "asn1.js": "^4.5.2",
        "elliptic": "^6.2.3",
        "safe-buffer": "^5.0.1"
      }
    },
    "lodash": {
      "version": "4.17.15",
      "resolved": "https://registry.npm.taobao.org/lodash/download/lodash-4.17.15.tgz?cache=0&other_urls=https%3A%2F%2Fregistry.npm.taobao.org%2Flodash%2Fdownload%2Flodash-4.17.15.tgz",
      "integrity": "sha1-tEf2ZwoEVbv+7dETku/zMOoJdUg="
    },
    "lodash.assign": {
      "version": "4.2.0",
      "resolved": "https://registry.npm.taobao.org/lodash.assign/download/lodash.assign-4.2.0.tgz",
      "integrity": "sha1-DZnzzNem0mHRm9rrkkUAXShYCOc="
    },
    "lodash.clone": {
      "version": "4.5.0",
      "resolved": "https://registry.npm.taobao.org/lodash.clone/download/lodash.clone-4.5.0.tgz",
      "integrity": "sha1-GVhwRQ9aExkkeN9Lw9I9LeoZB7Y="
    },
    "lodash.fill": {
      "version": "3.4.0",
      "resolved": "https://registry.npm.taobao.org/lodash.fill/download/lodash.fill-3.4.0.tgz",
      "integrity": "sha1-o8dK5kDQU63w3CB5+HIHiOi/74U="
    },
    "lodash.flatten": {
      "version": "4.4.0",
      "resolved": "https://registry.npm.taobao.org/lodash.flatten/download/lodash.flatten-4.4.0.tgz",
      "integrity": "sha1-8xwiIlqWMtK7+OSt2+8kCqdlph8="
    },
    "lodash.intersection": {
      "version": "4.4.0",
      "resolved": "https://registry.npm.taobao.org/lodash.intersection/download/lodash.intersection-4.4.0.tgz",
      "integrity": "sha1-ChG6Yx0OlcI8fy9Mu5ppLtF45wU="
    },
    "lodash.merge": {
      "version": "4.6.2",
      "resolved": "https://registry.npm.taobao.org/lodash.merge/download/lodash.merge-4.6.2.tgz",
      "integrity": "sha1-VYqlO0O2YeGSWgr9+japoQhf5Xo="
    },
    "lodash.omit": {
      "version": "4.5.0",
      "resolved": "https://registry.npm.taobao.org/lodash.omit/download/lodash.omit-4.5.0.tgz",
      "integrity": "sha1-brGa5aHuHdnfC5aeZs4Lf6MLXmA="
    },
    "lodash.partialright": {
      "version": "4.2.1",
      "resolved": "https://registry.npm.taobao.org/lodash.partialright/download/lodash.partialright-4.2.1.tgz",
      "integrity": "sha1-ATDYDoM2MmTUAHTzKbij56ihzEs="
    },
    "lodash.pick": {
      "version": "4.4.0",
      "resolved": "https://registry.npm.taobao.org/lodash.pick/download/lodash.pick-4.4.0.tgz",
      "integrity": "sha1-UvBWEP/53tQiYRRB7R/BI6AwAbM="
    },
    "lodash.uniq": {
      "version": "4.5.0",
      "resolved": "https://registry.npm.taobao.org/lodash.uniq/download/lodash.uniq-4.5.0.tgz",
      "integrity": "sha1-0CJTc662Uq3BvILklFM5qEJ1R3M="
    },
    "long": {
      "version": "4.0.0",
      "resolved": "https://registry.npm.taobao.org/long/download/long-4.0.0.tgz",
      "integrity": "sha1-mntxz7fTYaGU6lVSQckvdGjVvyg="
    },
    "minimalistic-assert": {
      "version": "1.0.1",
      "resolved": "https://registry.npm.taobao.org/minimalistic-assert/download/minimalistic-assert-1.0.1.tgz",
      "integrity": "sha1-LhlN4ERibUoQ5/f7wAznPoPk1cc="
    },
    "minimalistic-crypto-utils": {
      "version": "1.0.1",
      "resolved": "https://registry.npm.taobao.org/minimalistic-crypto-utils/download/minimalistic-crypto-utils-1.0.1.tgz",
      "integrity": "sha1-9sAMHAsIIkblxNmd+4x8CDsrWCo="
    },
    "node-forge": {
      "version": "0.8.5",
      "resolved": "https://registry.npm.taobao.org/node-forge/download/node-forge-0.8.5.tgz?cache=0&sync_timestamp=1569524669712&other_urls=https%3A%2F%2Fregistry.npm.taobao.org%2Fnode-forge%2Fdownload%2Fnode-forge-0.8.5.tgz",
      "integrity": "sha1-V5BvB2FNxydiyEzvRC9CfA4bhu4="
    },
    "node-jose": {
      "version": "1.1.3",
      "resolved": "https://registry.npm.taobao.org/node-jose/download/node-jose-1.1.3.tgz",
      "integrity": "sha1-Jua8VjEBo1bAb7JUx+8AeOi0lnA=",
      "requires": {
        "base64url": "^3.0.1",
        "es6-promise": "^4.2.6",
        "lodash": "^4.17.11",
        "long": "^4.0.0",
        "node-forge": "^0.8.1",
        "uuid": "^3.3.2"
      }
    },
    "safe-buffer": {
      "version": "5.2.0",
      "resolved": "https://registry.npm.taobao.org/safe-buffer/download/safe-buffer-5.2.0.tgz?cache=0&sync_timestamp=1562377642757&other_urls=https%3A%2F%2Fregistry.npm.taobao.org%2Fsafe-buffer%2Fdownload%2Fsafe-buffer-5.2.0.tgz",
      "integrity": "sha1-t02uxJsRSPiMZLaNSbHoFcHy9Rk="
    },
    "uuid": {
      "version": "3.3.3",
      "resolved": "https://registry.npm.taobao.org/uuid/download/uuid-3.3.3.tgz",
      "integrity": "sha1-RWjwIW54dg7h2/Ok0s9T4iQRKGY="
    }
  }
}
